
Microsoft Visual Studio Solution File, Format Version 12.00
# Visual Studio Version 16
VisualStudioVersion = 16.0.32002.261
MinimumVisualStudioVersion = 10.0.40219.1
Project("{FAE04EC0-301F-11D3-BF4B-00C04F79EFBC}") = "ClassDemo2022InterfaceGenerics", "ClassDemo2022InterfaceGenerics\ClassDemo2022InterfaceGenerics.csproj", "{4A6A6DB4-25ED-4233-94DF-522C6F100F04}"
EndProject
Global
	GlobalSection(SolutionConfigurationPlatforms) = preSolution
		Debug|Any CPU = Debug|Any CPU
		Release|Any CPU = Release|Any CPU
	EndGlobalSection
	GlobalSection(ProjectConfigurationPlatforms) = postSolution
		{4A6A6DB4-25ED-4233-94DF-522C6F100F04}.Debug|Any CPU.ActiveCfg = Debug|Any CPU
		{4A6A6DB4-25ED-4233-94DF-522C6F100F04}.Debug|Any CPU.Build.0 = Debug|Any CPU
		{4A6A6DB4-25ED-4233-94DF-522C6F100F04}.Release|Any CPU.ActiveCfg = Release|Any CPU
		{4A6A6DB4-25ED-4233-94DF-522C6F100F04}.Release|Any CPU.Build.0 = Release|Any CPU
	EndGlobalSection
	GlobalSection(SolutionProperties) = preSolution
		HideSolutionNode = FALSE
	EndGlobalSection
	GlobalSection(ExtensibilityGlobals) = postSolution
		SolutionGuid = {946945C2-4117-4051-974A-D2D8A98E9F31}
	EndGlobalSection
EndGlobal
